
Microsoft Visual Studio Solution File, Format Version 12.00
# Visual Studio Version 16
VisualStudioVersion = 16.0.29613.14
MinimumVisualStudioVersion = 10.0.40219.1
Project("{FAE04EC0-301F-11D3-BF4B-00C04F79EFBC}") = "PizzariaPim", "PizzariaPim\PizzariaPim.csproj", "{3106FA63-28C6-4B76-8361-223E35DE6A30}"
EndProject
Project("{54435603-DBB4-11D2-8724-00A0C9A8B90C}") = "SetupPizzaria", "PizzariaPim\Instalador\SetupPizzaria\SetupPizzaria.vdproj", "{E263633E-B6A3-4C0C-A7E5-62A582B27236}"
EndProject
Global
	GlobalSection(SolutionConfigurationPlatforms) = preSolution
		Debug|Any CPU = Debug|Any CPU
		Release|Any CPU = Release|Any CPU
	EndGlobalSection
	GlobalSection(ProjectConfigurationPlatforms) = postSolution
		{3106FA63-28C6-4B76-8361-223E35DE6A30}.Debug|Any CPU.ActiveCfg = Debug|Any CPU
		{3106FA63-28C6-4B76-8361-223E35DE6A30}.Debug|Any CPU.Build.0 = Debug|Any CPU
		{3106FA63-28C6-4B76-8361-223E35DE6A30}.Release|Any CPU.ActiveCfg = Release|Any CPU
		{3106FA63-28C6-4B76-8361-223E35DE6A30}.Release|Any CPU.Build.0 = Release|Any CPU
		{E263633E-B6A3-4C0C-A7E5-62A582B27236}.Debug|Any CPU.ActiveCfg = Debug
		{E263633E-B6A3-4C0C-A7E5-62A582B27236}.Release|Any CPU.ActiveCfg = Release
	EndGlobalSection
	GlobalSection(SolutionProperties) = preSolution
		HideSolutionNode = FALSE
	EndGlobalSection
	GlobalSection(ExtensibilityGlobals) = postSolution
		SolutionGuid = {923EC96A-5C77-4741-9BBA-825D933308CB}
	EndGlobalSection
EndGlobal
